{
    "_meta": {
        "hash": {
            "sha256": "4d901a64a089f56034c21f6bd7e5cbc6f70ce26c78db8bb36e05daf9aaf5ae47"
        },
        "host-environment-markers": {
            "implementation_name": "cpython",
            "implementation_version": "0",
            "os_name": "posix",
            "platform_machine": "x86_64",
            "platform_python_implementation": "CPython",
            "platform_release": "4.10.0-30-generic",
            "platform_system": "Linux",
            "platform_version": "#34~16.04.1-Ubuntu SMP Wed Aug 2 02:13:56 UTC 2017",
            "python_full_version": "2.7.12",
            "python_version": "2.7",
            "sys_platform": "linux2"
        },
        "pipfile-spec": 6,
        "requires": {},
        "sources": [
            {
                "url": "https://pypi.python.org/simple",
                "verify_ssl": true
            }
        ]
    },
    "default": {
        "amqp": {
            "hashes": [
                "sha256:4e28d3ea61a64ae61830000c909662cb053642efddbe96503db0e7783a6ee85b",
                "sha256:cba1ace9d4ff6049b190d8b7991f9c1006b443a5238021aca96dd6ad2ac9da22"
            ],
            "version": "==2.2.2"
        },
        "argh": {
            "hashes": [
                "sha256:a9b3aaa1904eeb78e32394cd46c6f37ac0fb4af6dc488daa58971bdc7d7fcaf3",
                "sha256:e9535b8c84dc9571a48999094fda7f33e63c3f1b74f3e5f3ac0105a58405bb65"
            ],
            "version": "==0.26.2"
        },
        "astroid": {
            "hashes": [
                "sha256:db5cfc9af6e0b60cd07c19478fb54021fc20d2d189882fbcbc94fc69a8aecc58",
                "sha256:f0a0e386dbca9f93ea9f3ea6f32b37a24720502b7baa9cb17c3976a680d43a06"
            ],
            "version": "==1.6.1"
        },
        "backports.functools-lru-cache": {
            "hashes": [
                "sha256:f0b0e4eba956de51238e17573b7087e852dfe9854afd2e9c873f73fc0ca0a6dd",
                "sha256:9d98697f088eb1b0fa451391f91afb5e3ebde16bbdb272819fd091151fda4f1a"
            ],
            "version": "==1.5"
        },
        "billiard": {
            "hashes": [
                "sha256:abd9ce008c9a71ccde2c816f8daa36246e92a21e6a799831b887d88277187ecd",
                "sha256:1d7b22bdc47aa52841120fcd22a74ae4fc8c13e9d3935643098184f5788c3ce6"
            ],
            "version": "==3.5.0.3"
        },
        "celery": {
            "hashes": [
                "sha256:81a67f0d53a688ec2bc8557bd5d6d7218f925a6f2e6df80e01560de9e28997ec",
                "sha256:77ff3730198d6a17b3c1f05579ebe570b579efb35f6d7e13dba3b1368d068b35"
            ],
            "version": "==4.1.0"
        },
        "configparser": {
            "hashes": [
                "sha256:5308b47021bc2340965c371f0f058cc6971a04502638d4244225c49d80db273a"
            ],
            "markers": "python_version == '2.7'",
            "version": "==3.5.0"
        },
        "coverage": {
            "hashes": [
                "sha256:7608a3dd5d73cb06c531b8925e0ef8d3de31fed2544a7de6c63960a1e73ea4bc",
                "sha256:3a2184c6d797a125dca8367878d3b9a178b6fdd05fdc2d35d758c3006a1cd694",
                "sha256:f3f501f345f24383c0000395b26b726e46758b71393267aeae0bd36f8b3ade80",
                "sha256:0b136648de27201056c1869a6c0d4e23f464750fd9a9ba9750b8336a244429ed",
                "sha256:337ded681dd2ef9ca04ef5d93cfc87e52e09db2594c296b4a0a3662cb1b41249",
                "sha256:3eb42bf89a6be7deb64116dd1cc4b08171734d721e7a7e57ad64cc4ef29ed2f1",
                "sha256:be6cfcd8053d13f5f5eeb284aa8a814220c3da1b0078fa859011c7fffd86dab9",
                "sha256:69bf008a06b76619d3c3f3b1983f5145c75a305a0fea513aca094cae5c40a8f5",
                "sha256:2eb564bbf7816a9d68dd3369a510be3327f1c618d2357fa6b1216994c2e3d508",
                "sha256:9d6dd10d49e01571bf6e147d3b505141ffc093a06756c60b053a859cb2128b1f",
                "sha256:701cd6093d63e6b8ad7009d8a92425428bc4d6e7ab8d75efbb665c806c1d79ba",
                "sha256:5a13ea7911ff5e1796b6d5e4fbbf6952381a611209b736d48e675c2756f3f74e",
                "sha256:c1bb572fab8208c400adaf06a8133ac0712179a334c09224fb11393e920abcdd",
                "sha256:03481e81d558d30d230bc12999e3edffe392d244349a90f4ef9b88425fac74ba",
                "sha256:28b2191e7283f4f3568962e373b47ef7f0392993bb6660d079c62bd50fe9d162",
                "sha256:de4418dadaa1c01d497e539210cb6baa015965526ff5afc078c57ca69160108d",
                "sha256:8c3cb8c35ec4d9506979b4cf90ee9918bc2e49f84189d9bf5c36c0c1119c6558",
                "sha256:7e1fe19bd6dce69d9fd159d8e4a80a8f52101380d5d3a4d374b6d3eae0e5de9c",
                "sha256:6bc583dc18d5979dc0f6cec26a8603129de0304d5ae1f17e57a12834e7235062",
                "sha256:198626739a79b09fa0a2f06e083ffd12eb55449b5f8bfdbeed1df4910b2ca640",
                "sha256:7aa36d2b844a3e4a4b356708d79fd2c260281a7390d678a10b91ca595ddc9e99",
                "sha256:3d72c20bd105022d29b14a7d628462ebdc61de2f303322c0212a054352f3b287",
                "sha256:4635a184d0bbe537aa185a34193898eee409332a8ccb27eea36f262566585000",
                "sha256:e05cb4d9aad6233d67e0541caa7e511fa4047ed7750ec2510d466e806e0255d6",
                "sha256:76ecd006d1d8f739430ec50cc872889af1f9c1b6b8f48e29941814b09b0fd3cc",
                "sha256:7d3f553904b0c5c016d1dad058a7554c7ac4c91a789fca496e7d8347ad040653",
                "sha256:3c79a6f7b95751cdebcd9037e4d06f8d5a9b60e4ed0cd231342aa8ad7124882a",
                "sha256:56e448f051a201c5ebbaa86a5efd0ca90d327204d8b059ab25ad0f35fbfd79f1",
                "sha256:ac4fef68da01116a5c117eba4dd46f2e06847a497de5ed1d64bb99a5fda1ef91",
                "sha256:1c383d2ef13ade2acc636556fd544dba6e14fa30755f26812f54300e401f98f2",
                "sha256:b8815995e050764c8610dbc82641807d196927c3dbed207f0a079833ffcf588d",
                "sha256:104ab3934abaf5be871a583541e8829d6c19ce7bde2923b2751e0d3ca44db60a",
                "sha256:9e112fcbe0148a6fa4f0a02e8d58e94470fc6cb82a5481618fea901699bf34c4",
                "sha256:15b111b6a0f46ee1a485414a52a7ad1d703bdf984e9ed3c288a4414d3871dcbd",
                "sha256:e4d96c07229f58cb686120f168276e434660e4358cc9cf3b0464210b04913e77",
                "sha256:f8a923a85cb099422ad5a2e345fe877bbc89a8a8b23235824a93488150e45f6e"
            ],
            "version": "==4.5.1"
        },
        "django": {
            "hashes": [
                "sha256:e66d58bfeed3a5eb44f2af6d5f1b6a85d656c4180ebba63b692e58d29db2a716",
                "sha256:05fe4b19a8778d4b48bbf1f4dfca3106881fea7982664553e7f7f861606f7c66"
            ],
            "version": "==1.9"
        },
        "django-extensions": {
            "hashes": [
                "sha256:24c24bbc6ef6dd36fe6b2b7c48d171a9d22fe76895610fe19087af657fa27930",
                "sha256:1f424a7f87974c2e2602b8b41cae52eb08105523f0c70320203abf58bcb84404"
            ],
            "version": "==2.0.5"
        },
        "django-nose": {
            "hashes": [
                "sha256:5df2df802c607daeeab8ac1e93abf54508ed6133eb93852310f512000124b4a5",
                "sha256:87663f18cb25f01d56c84ac1ff8a0e6e6a6246264b2549b751cb239d0642e76a"
            ],
            "version": "==1.4.5"
        },
        "django-rest-framework-mongoengine": {
            "hashes": [
                "sha256:55d91ff4f26a424ec78cbe562b34d77f14015efff54ebf0952d6d88d52bb640d",
                "sha256:80e9e56d10618214529c0bdf47339e9df8334be6b6d7cf3549617a339b64fe27"
            ],
            "version": "==3.3.1"
        },
        "django-test-addons": {
            "hashes": [
                "sha256:c712b87d61a64d3321f29c626a3109732f4e21f12d3481810c094126076c4182"
            ],
            "version": "==1.0"
        },
        "djangorestframework": {
            "hashes": [
                "sha256:0f9bfbac702f3376dfb2db4971ad8af4e066bfa35393b1b85e085f7e8b91189a",
                "sha256:de8ac68b3cf6dd41b98e01dcc92dc0022a5958f096eafc181a17fa975d18ca42"
            ],
            "version": "==3.6.4"
        },
        "djangorestframework-jwt": {
            "hashes": [
                "sha256:ab15dfbbe535eede8e2e53adaf52ef0cf018ee27dbfad10cbc4cbec2ab63d38c",
                "sha256:5efe33032f3a4518a300dc51a51c92145ad95fb6f4b272e5aa24701db67936a7"
            ],
            "version": "==1.11.0"
        },
        "enum34": {
            "hashes": [
                "sha256:6bd0f6ad48ec2aa117d3d141940d484deccda84d4fcd884f5c3d93c23ecd8c79",
                "sha256:644837f692e5f550741432dd3f223bbb9852018674981b1664e5dc339387588a",
                "sha256:8ad8c4783bf61ded74527bffb48ed9b54166685e4230386a9ed9b1279e2df5b1",
                "sha256:2d81cbbe0e73112bdfe6ef8576f2238f2ba27dd0d55752a776c41d38b7da2850"
            ],
            "markers": "python_version < '3.4'",
            "version": "==1.1.6"
        },
        "futures": {
            "hashes": [
                "sha256:ec0a6cb848cc212002b9828c3e34c675e0c9ff6741dc445cab6fdd4e1085d1f1",
                "sha256:9ec02aa7d674acb8618afb127e27fde7fc68994c0437ad759fa094a574adb265"
            ],
            "markers": "python_version == '2.7'",
            "version": "==3.2.0"
        },
        "isort": {
            "hashes": [
                "sha256:ec9ef8f4a9bc6f71eec99e1806bfa2de401650d996c59330782b89a5555c1497",
                "sha256:1153601da39a25b14ddc54955dbbacbb6b2d19135386699e2ad58517953b34af",
                "sha256:b9c40e9750f3d77e6e4d441d8b0266cf555e7cdabdcff33c4fd06366ca761ef8"
            ],
            "version": "==4.3.4"
        },
        "kombu": {
            "hashes": [
                "sha256:01f0da9fe222a2183345004243d1518c0fbe5875955f1b24842f2d9c65709ade",
                "sha256:4249d9dd9dbf1fcec471d1c2def20653c9310dd1a217272d77e4844f9d5273cb"
            ],
            "version": "==4.1.0"
        },
        "lazy-object-proxy": {
            "hashes": [
                "sha256:209615b0fe4624d79e50220ce3310ca1a9445fd8e6d3572a896e7f9146bbf019",
                "sha256:1b668120716eb7ee21d8a38815e5eb3bb8211117d9a90b0f8e21722c0758cc39",
                "sha256:cb924aa3e4a3fb644d0c463cad5bc2572649a6a3f68a7f8e4fbe44aaa6d77e4c",
                "sha256:2c1b21b44ac9beb0fc848d3993924147ba45c4ebc24be19825e57aabbe74a99e",
                "sha256:320ffd3de9699d3892048baee45ebfbbf9388a7d65d832d7e580243ade426d2b",
                "sha256:2df72ab12046a3496a92476020a1a0abf78b2a7db9ff4dc2036b8dd980203ae6",
                "sha256:27ea6fd1c02dcc78172a82fc37fcc0992a94e4cecf53cb6d73f11749825bd98b",
                "sha256:e5b9e8f6bda48460b7b143c3821b21b452cb3a835e6bbd5dd33aa0c8d3f5137d",
                "sha256:7661d401d60d8bf15bb5da39e4dd72f5d764c5aff5a86ef52a042506e3e970ff",
                "sha256:61a6cf00dcb1a7f0c773ed4acc509cb636af2d6337a08f362413c76b2b47a8dd",
                "sha256:bd6292f565ca46dee4e737ebcc20742e3b5be2b01556dafe169f6c65d088875f",
                "sha256:933947e8b4fbe617a51528b09851685138b49d511af0b6c0da2539115d6d4514",
                "sha256:d0fc7a286feac9077ec52a927fc9fe8fe2fabab95426722be4c953c9a8bede92",
                "sha256:7f3a2d740291f7f2c111d86a1c4851b70fb000a6c8883a59660d95ad57b9df35",
                "sha256:5276db7ff62bb7b52f77f1f51ed58850e315154249aceb42e7f4c611f0f847ff",
                "sha256:94223d7f060301b3a8c09c9b3bc3294b56b2188e7d8179c762a1cda72c979252",
                "sha256:6ae6c4cb59f199d8827c5a07546b2ab7e85d262acaccaacd49b62f53f7c456f7",
                "sha256:f460d1ceb0e4a5dcb2a652db0904224f367c9b3c1470d5a7683c0480e582468b",
                "sha256:e81ebf6c5ee9684be8f2c87563880f93eedd56dd2b6146d8a725b50b7e5adb0f",
                "sha256:81304b7d8e9c824d058087dcb89144842c8e0dea6d281c031f59f0acf66963d4",
                "sha256:ddc34786490a6e4ec0a855d401034cbd1242ef186c20d79d2166d6a4bd449577",
                "sha256:7bd527f36a605c914efca5d3d014170b2cb184723e423d26b1fb2fd9108e264d",
                "sha256:ab3ca49afcb47058393b0122428358d2fbe0408cf99f1b58b295cfeb4ed39109",
                "sha256:7cb54db3535c8686ea12e9535eb087d32421184eacc6939ef15ef50f83a5e7e2",
                "sha256:0ce34342b419bd8f018e6666bfef729aec3edf62345a53b537a4dcc115746a33",
                "sha256:e34b155e36fa9da7e1b7c738ed7767fc9491a62ec6af70fe9da4a057759edc2d",
                "sha256:50e3b9a464d5d08cc5227413db0d1c4707b6172e4d4d915c1c70e4de0bbff1f5",
                "sha256:27bf62cb2b1a2068d443ff7097ee33393f8483b570b475db8ebf7e1cba64f088",
                "sha256:eb91be369f945f10d3a49f5f9be8b3d0b93a4c2be8f8a5b83b0571b8123e0a7a"
            ],
            "version": "==1.3.1"
        },
        "mccabe": {
            "hashes": [
                "sha256:ab8a6258860da4b6677da4bd2fe5dc2c659cff31b3ee4f7f5d64e79735b80d42",
                "sha256:dd8d182285a0fe56bace7f45b5e7d1a6ebcbf524e8f3bd87eb0f125271b8831f"
            ],
            "version": "==0.6.1"
        },
        "mongoengine": {
            "hashes": [],
            "version": "==0.9"
        },
        "nose": {
            "hashes": [
                "sha256:dadcddc0aefbf99eea214e0f1232b94f2fa9bd98fa8353711dacb112bfcbbb2a",
                "sha256:9ff7c6cc443f8c51994b34a667bbcf45afd6d945be7477b52e97516fd17c53ac",
                "sha256:f1bffef9cbc82628f6e7d7b40d7e255aefaa1adb6a1b1d26c69a8b79e6208a98"
            ],
            "version": "==1.3.7"
        },
        "nose-watch": {
            "hashes": [
                "sha256:1a50deb7f39e3c7091aa7ac5e19bf7bddd65d6db41727ab1fe563450645a0088"
            ],
            "version": "==0.9.2"
        },
        "pathtools": {
            "hashes": [
                "sha256:7c35c5421a39bb82e58018febd90e3b6e5db34c5443aaaf742b3f33d4655f1c0"
            ],
            "version": "==0.1.2"
        },
        "pyjwt": {
            "hashes": [
                "sha256:b752500cafd4df9f0dc6efe9063603e36a4e1a5c24fee48234d2949b6606aa59",
                "sha256:9c3016e4a292151c5396e25cc0c28c4e1cdf13fa19118eb84f500f9670e3f628"
            ],
            "version": "==1.6.0"
        },
        "pylint": {
            "hashes": [
                "sha256:156839bedaa798febee72893beef00c650c2e7abafb5586fc7a6a56be7f80412",
                "sha256:4fe3b99da7e789545327b75548cee6b511e4faa98afe268130fea1af4b5ec022"
            ],
            "version": "==1.8.2"
        },
        "pymongo": {
            "hashes": [
                "sha256:8bc017a05f95e6bcb281cc64386822af484f04e8e74a2eb2351c96615a97490f",
                "sha256:f06963ac44d5d8110cf7a3602c990f9196c06160b73a58bf54285667e71d9a22",
                "sha256:cf8d4cb28188705da876eb64adacf5c582769dd7c96425e8aaba3e0d6e2d9e77",
                "sha256:c1aedbc6044d5e70ea7a8f81205ae89742e7f58d96fd4cb7ef17312e016f20aa",
                "sha256:e410bfbfc880d63c608c48a787db46284e68642197068855ef1dfc5ff2771b01",
                "sha256:e7483795284e961e33f78637936b14dd99fdc4c004ffdcbdec9b0e5017a7e7bf",
                "sha256:65e217533c332a85dfe58e0fc1f44521103f030f97e5429499e0c880f50b666d",
                "sha256:91bd48766b99094f646ebf34b35055aa2660d6c1fee7b8d5102ee838213f9387",
                "sha256:e87c320a1f723dde4ae13bb56b8d91c1af39d99b79ee7b2484bf38f6a447b2d2",
                "sha256:a99b554bbeb2f3c8b2df793f187f5c969a3871aa613abd93cc3280c353573dd1",
                "sha256:e8a60148a665ff8287559e8fb3835cc144256ee708e3afd3bfa9f23766350af7",
                "sha256:fdcc535924c10515e588d841a2cfe51debd760a2c636168182cb56b63ba42a89",
                "sha256:751918b7dc3bbbc05c071073a50e85a4a265fe5ca2d6ed939d65c1403a0701b0",
                "sha256:1108c3f21541b03d1a8ff49daea5cdbf76da75ff9c09057d8cb0b16c17933ef1",
                "sha256:66e946612d932f6b5800c6324fd9bcbadd16de379f4ec56e57538ceff8c683fd",
                "sha256:28d06f38fb8b20df792c3436724041c330902f3bfdfaa71e6e5825a00f328179",
                "sha256:39e014abb53ed5ef302b69a07b1e6c6ef1d7395af15283001148949ce9676c2f",
                "sha256:2f3a720aaf3c7f376754bdd128007b792af6fc4c1ad215f18dcb8918ade7ef36",
                "sha256:ea57ecaa11b912f2b0339de3b59b27971c7315623f28fb368fd2ccaa35f8c8c8",
                "sha256:df68d27d02cebd56a5fa584fe3242ee6634ca01c811305eef4dbee336d4a8ef0",
                "sha256:c1443b59a7fcfa5db732a19c077057dd8dc65836d0eb951fc0db2731cffa30ee",
                "sha256:1d96aaac7806697648443922770dce6a49d9d46f7ae1e71ea87485321ec55adb",
                "sha256:cbd65a8357f50f3d79fdc4027f204b8a295e09b474614432800a5799a207fbbf",
                "sha256:8d0cdf4319d36f567bc9d6ad9d61ae28986c2e7a42b307ce19460e39ed95cf5d",
                "sha256:f14c0636eda28412ebb2e583cc1453b65c44ead96bf0381c0d49bb63162f7712",
                "sha256:582d6501f087d8421c58190e840799e7734fac2aabd1d016e2e1e21bbf1581cf",
                "sha256:eaec05ac650811aa9faeda3cc07b4ab20f973319bac658d982dce752f68c87fe",
                "sha256:ac49ffb70ea8a85e17c823a8b9692e43c1f97511eef5df324bba5470f6c8ea62",
                "sha256:2977640df42ee4b359009586917e9ae43a00c781dc083e2e3509623e9a63514f",
                "sha256:c513933616c25ac67856f3c5278e34008e2f405e8f14eed1bea3ac24fbda2ef0",
                "sha256:ec7bce08532ef294cec0210091fa5a5d1065f4956e7700315c19362ed91286b9",
                "sha256:95a92a6c935e5fffd331d3bc1417d2c731b44aa31b616ac2bad6e7f06de6d739",
                "sha256:911620b04d736f147f97b339ef948622c9bfd2a2398b86a0b135851e4b89c2b9",
                "sha256:f5a6c33f8097d1c7e955754871163ad824b040d7e3a38a5de33504f5733a8eb9",
                "sha256:5b92b313a5800fe92e9fe814215f5f01826162654e65f45cbd2b07e2fb16c7f5",
                "sha256:1326e29c7ca011329b041e9506f4663b5c1accb68ccf16b13a4bc27dc1326c22",
                "sha256:ba5c4b4b91aba994e330bb4f36f3d63a8aff662684abc56d8c7ab0c5a0002c15",
                "sha256:b7d83ebaf4a120f7991fd4348ac63d96799e9d766aaea5ea6af384e6ce94a2e6",
                "sha256:d6fbcc3562aed1bfa1d76063065dad7f64f310a480c7304a387f75ec8c3188f0",
                "sha256:d26765a1e8389343199c05c6a2bc96f0b5a3b16ae5745fd849f3ae1f7314c999",
                "sha256:770252171ce59d3ca99a5823847210ed52b9ccd669c1b294aed61a9b47a08e2b",
                "sha256:386d89696c17f991386a722e4c7207e6e36e22ff628145524231d7b5a8c6192a",
                "sha256:0543f65364fb54fb54b954136cf6b5e689ab12a7c1d15c59c52d3d0c5fa73935",
                "sha256:552b53e3f4071959f11ccb052a7ab6c137bb6dffd1d819f21d7ab143d605e951",
                "sha256:07fba04f6cd7e3a9a2e6054632cc940236196ab305c0a52a76b81f4b482ad5f9",
                "sha256:bc32cfd807d6da908ae6314e8fcbf0ffa713c50edd39b12ef4d592628f8d5fbf",
                "sha256:3236492e8e140f5583819593f95f0067e11f54ca2d669ffd45e4e19e6862b132",
                "sha256:bfc227896c05286b9eb09f55d0b0afb7b4a10b39205dec109cbf29e333c89d4b",
                "sha256:f2632e377d9d9cf99716996907e2886e8d6fdd362c04fc7c7b375b990b67cf9b",
                "sha256:399521acf66031d87bcf0b005aaf479d519f8d4c40b1f2ab748ae8aaa3fd3989",
                "sha256:04c8e3addc6d695bb6dc2924c492bc12f07ebe7c939c2f6cfa5d0e0f016d4640",
                "sha256:149973182942a0c7f2c1f6c2bf0f21c4431fcec7e88d7cc5246a26b3201d8a51",
                "sha256:59b53ffc2062be47dc68d5f3363e6c3de21899c20537b185e4e6262bc592a4c0",
                "sha256:796a79499a55a6f888f2059d8caf96adfb53fb2781044c4aa14c2f05b145b4b7",
                "sha256:9b0cf867737561320149aa8253570666ae6f3149da4c5d2fd8c2774689968e86"
            ],
            "version": "==2.8"
        },
        "pytz": {
            "hashes": [
                "sha256:ed6509d9af298b7995d69a440e2822288f2eca1681b8cce37673dbb10091e5fe",
                "sha256:f93ddcdd6342f94cea379c73cddb5724e0d6d0a1c91c9bdef364dc0368ba4fda",
                "sha256:61242a9abc626379574a166dc0e96a66cd7c3b27fc10868003fa210be4bff1c9",
                "sha256:ba18e6a243b3625513d85239b3e49055a2f0318466e0b8a92b8fb8ca7ccdf55f",
                "sha256:07edfc3d4d2705a20a6e99d97f0c4b61c800b8232dc1c04d87e8554f130148dd",
                "sha256:3a47ff71597f821cd84a162e71593004286e5be07a340fd462f0d33a760782b5",
                "sha256:5bd55c744e6feaa4d599a6cbd8228b4f8f9ba96de2c38d56f08e534b3c9edf0d",
                "sha256:887ab5e5b32e4d0c86efddd3d055c1f363cbaa583beb8da5e22d2fa2f64d51ef",
                "sha256:410bcd1d6409026fbaa65d9ed33bf6dd8b1e94a499e32168acfc7b332e4095c0"
            ],
            "version": "==2018.3"
        },
        "pyyaml": {
            "hashes": [
                "sha256:3262c96a1ca437e7e4763e2843746588a965426550f3797a79fca9c6199c431f",
                "sha256:16b20e970597e051997d90dc2cddc713a2876c47e3d92d59ee198700c5427736",
                "sha256:e863072cdf4c72eebf179342c94e6989c67185842d9997960b3e69290b2fa269",
                "sha256:bc6bced57f826ca7cb5125a10b23fd0f2fff3b7c4701d64c439a300ce665fff8",
                "sha256:c01b880ec30b5a6e6aa67b09a2fe3fb30473008c85cd6a67359a1b15ed6d83a4",
                "sha256:827dc04b8fa7d07c44de11fabbc888e627fa8293b695e0f99cb544fdfa1bf0d1",
                "sha256:592766c6303207a20efc445587778322d7f73b161bd994f227adaa341ba212ab",
                "sha256:5f84523c076ad14ff5e6c037fe1c89a7f73a3e04cf0377cb4d017014976433f3",
                "sha256:0c507b7f74b3d2dd4d1322ec8a94794927305ab4cebbe89cc47fe5e81541e6e8",
                "sha256:b4c423ab23291d3945ac61346feeb9a0dc4184999ede5e7c43e1ffb975130ae6",
                "sha256:ca233c64c6e40eaa6c66ef97058cdc80e8d0157a443655baa1b2966e812807ca",
                "sha256:4474f8ea030b5127225b8894d626bb66c01cda098d47a2b0d3429b6700af9fd8",
                "sha256:326420cbb492172dec84b0f65c80942de6cedb5233c413dd824483989c000608",
                "sha256:5ac82e411044fb129bae5cfbeb3ba626acb2af31a8d17d175004b70862a741a7"
            ],
            "version": "==3.12"
        },
        "singledispatch": {
            "hashes": [
                "sha256:833b46966687b3de7f438c761ac475213e53b306740f1abfaa86e1d1aae56aa8",
                "sha256:5b06af87df13818d14f08a028e42f566640aef80805c3b50c5056b086e3c2b9c"
            ],
            "markers": "python_version < '3.4'",
            "version": "==3.4.0.3"
        },
        "six": {
            "hashes": [
                "sha256:832dc0e10feb1aa2c68dcc57dbb658f1c7e65b9b61af69048abc87a2db00a0eb",
                "sha256:70e8a77beed4562e7f14fe23a786b54f6296e34344c23bc42f07b15018ff98e9"
            ],
            "version": "==1.11.0"
        },
        "typing": {
            "hashes": [
                "sha256:b2c689d54e1144bbcfd191b0832980a21c2dbcf7b5ff7a66248a60c90e951eb8",
                "sha256:3a887b021a77b292e151afb75323dea88a7bc1b3dfa92176cff8e44c8b68bddf",
                "sha256:d400a9344254803a2368533e4533a4200d21eb7b6b729c173bc38201a74db3f2"
            ],
            "markers": "python_version < '3.5'",
            "version": "==3.6.4"
        },
        "vine": {
            "hashes": [
                "sha256:6849544be74ec3638e84d90bc1cf2e1e9224cc10d96cd4383ec3f69e9bce077b",
                "sha256:52116d59bc45392af9fdd3b75ed98ae48a93e822cee21e5fda249105c59a7a72"
            ],
            "version": "==1.1.4"
        },
        "watchdog": {
            "hashes": [
                "sha256:7e65882adb7746039b6f3876ee174952f8eaaa34491ba34333ddf1fe35de4162"
            ],
            "version": "==0.8.3"
        },
        "wrapt": {
            "hashes": [
                "sha256:d4d560d479f2c21e1b5443bbd15fe7ec4b37fe7e53d335d3b9b0a7b1226fe3c6"
            ],
            "version": "==1.10.11"
        }
    },
    "develop": {}
}
